
Microsoft Visual Studio Solution File, Format Version 12.00
# Visual Studio Version 16
VisualStudioVersion = 16.0.32428.217
MinimumVisualStudioVersion = 10.0.40219.1
Project("{2150E333-8FDC-42A3-9474-1A3956D46DE8}") = "Console projects", "Console projects", "{5AE7F155-3906-4B4C-91C4-3719740B9DFF}"
EndProject
Project("{9A19103F-16F7-4668-BE54-9A1E7A4F7556}") = "GroupByMultipleProperties", "GroupByMultipleProperties\GroupByMultipleProperties.csproj", "{4BBB8270-1BE3-4A29-83D8-ABE998E63A7F}"
EndProject
Project("{2150E333-8FDC-42A3-9474-1A3956D46DE8}") = "Class projects", "Class projects", "{BDB26A95-D2CE-400B-A640-06070CC57D13}"
EndProject
Project("{9A19103F-16F7-4668-BE54-9A1E7A4F7556}") = "ConsoleHelperLibrary", "ConsoleHelperLibrary\ConsoleHelperLibrary.csproj", "{00A8965D-0C88-4C22-A564-447D7C3FB6B5}"
EndProject
Project("{9A19103F-16F7-4668-BE54-9A1E7A4F7556}") = "NoForesight", "NoForesight\NoForesight.csproj", "{CEA31EA6-3014-4902-8F4A-99D49A980940}"
EndProject
Project("{FAE04EC0-301F-11D3-BF4B-00C04F79EFBC}") = "Sample1", "Sample1\Sample1.csproj", "{E0DD33E3-DB9D-4AEB-8D35-40613AADCD70}"
EndProject
Project("{2150E333-8FDC-42A3-9474-1A3956D46DE8}") = "Solution Items", "Solution Items", "{11873764-D60C-434A-A9B3-BAB824606DDE}"
	ProjectSection(SolutionItems) = preProject
		readme.md = readme.md
	EndProjectSection
EndProject
Project("{FAE04EC0-301F-11D3-BF4B-00C04F79EFBC}") = "Sample2", "Sample2\Sample2.csproj", "{5C7F7E90-080E-4109-A2A4-2E77204DDCA4}"
EndProject
Project("{2150E333-8FDC-42A3-9474-1A3956D46DE8}") = "Advance", "Advance", "{0AEAFFB3-7CCC-4511-B8F5-F930AF9D7D32}"
EndProject
Project("{9A19103F-16F7-4668-BE54-9A1E7A4F7556}") = "Sample4", "Sample4\Sample4.csproj", "{A0BE4B58-2462-4B6E-A96F-322C200CA880}"
EndProject
Project("{FAE04EC0-301F-11D3-BF4B-00C04F79EFBC}") = "Sample3", "Sample3\Sample3.csproj", "{5CA41B59-0674-48EC-91BE-A153F8249519}"
EndProject
Project("{FAE04EC0-301F-11D3-BF4B-00C04F79EFBC}") = "Sample5", "Sample5\Sample5.csproj", "{A8615CE8-2CAE-4AF4-902E-99D8FE27BE39}"
EndProject
Project("{FAE04EC0-301F-11D3-BF4B-00C04F79EFBC}") = "TableConsole", "TableConsole\TableConsole.csproj", "{3D05B50C-94D3-4E04-A700-C1BDCD6B5D36}"
EndProject
Project("{2150E333-8FDC-42A3-9474-1A3956D46DE8}") = "Other", "Other", "{EEF70DA0-776E-41E2-B177-5F8987F3B0CB}"
EndProject
Project("{FAE04EC0-301F-11D3-BF4B-00C04F79EFBC}") = "ChunkingConsoleApp", "ChunkingConsoleApp\ChunkingConsoleApp.csproj", "{F2239402-A35F-4CC9-842F-A8C7D39472AB}"
EndProject
Project("{FAE04EC0-301F-11D3-BF4B-00C04F79EFBC}") = "YieldConsole", "YieldConsole\YieldConsole.csproj", "{2F253D22-FB56-4A1D-A8A3-011D3A7826CF}"
EndProject
Global
	GlobalSection(SolutionConfigurationPlatforms) = preSolution
		Debug|Any CPU = Debug|Any CPU
		Release|Any CPU = Release|Any CPU
	EndGlobalSection
	GlobalSection(ProjectConfigurationPlatforms) = postSolution
		{4BBB8270-1BE3-4A29-83D8-ABE998E63A7F}.Debug|Any CPU.ActiveCfg = Debug|Any CPU
		{4BBB8270-1BE3-4A29-83D8-ABE998E63A7F}.Debug|Any CPU.Build.0 = Debug|Any CPU
		{4BBB8270-1BE3-4A29-83D8-ABE998E63A7F}.Release|Any CPU.ActiveCfg = Release|Any CPU
		{4BBB8270-1BE3-4A29-83D8-ABE998E63A7F}.Release|Any CPU.Build.0 = Release|Any CPU
		{00A8965D-0C88-4C22-A564-447D7C3FB6B5}.Debug|Any CPU.ActiveCfg = Debug|Any CPU
		{00A8965D-0C88-4C22-A564-447D7C3FB6B5}.Debug|Any CPU.Build.0 = Debug|Any CPU
		{00A8965D-0C88-4C22-A564-447D7C3FB6B5}.Release|Any CPU.ActiveCfg = Release|Any CPU
		{00A8965D-0C88-4C22-A564-447D7C3FB6B5}.Release|Any CPU.Build.0 = Release|Any CPU
		{CEA31EA6-3014-4902-8F4A-99D49A980940}.Debug|Any CPU.ActiveCfg = Debug|Any CPU
		{CEA31EA6-3014-4902-8F4A-99D49A980940}.Debug|Any CPU.Build.0 = Debug|Any CPU
		{CEA31EA6-3014-4902-8F4A-99D49A980940}.Release|Any CPU.ActiveCfg = Release|Any CPU
		{CEA31EA6-3014-4902-8F4A-99D49A980940}.Release|Any CPU.Build.0 = Release|Any CPU
		{E0DD33E3-DB9D-4AEB-8D35-40613AADCD70}.Debug|Any CPU.ActiveCfg = Debug|Any CPU
		{E0DD33E3-DB9D-4AEB-8D35-40613AADCD70}.Debug|Any CPU.Build.0 = Debug|Any CPU
		{E0DD33E3-DB9D-4AEB-8D35-40613AADCD70}.Release|Any CPU.ActiveCfg = Release|Any CPU
		{E0DD33E3-DB9D-4AEB-8D35-40613AADCD70}.Release|Any CPU.Build.0 = Release|Any CPU
		{5C7F7E90-080E-4109-A2A4-2E77204DDCA4}.Debug|Any CPU.ActiveCfg = Debug|Any CPU
		{5C7F7E90-080E-4109-A2A4-2E77204DDCA4}.Debug|Any CPU.Build.0 = Debug|Any CPU
		{5C7F7E90-080E-4109-A2A4-2E77204DDCA4}.Release|Any CPU.ActiveCfg = Release|Any CPU
		{5C7F7E90-080E-4109-A2A4-2E77204DDCA4}.Release|Any CPU.Build.0 = Release|Any CPU
		{A0BE4B58-2462-4B6E-A96F-322C200CA880}.Debug|Any CPU.ActiveCfg = Debug|Any CPU
		{A0BE4B58-2462-4B6E-A96F-322C200CA880}.Debug|Any CPU.Build.0 = Debug|Any CPU
		{A0BE4B58-2462-4B6E-A96F-322C200CA880}.Release|Any CPU.ActiveCfg = Release|Any CPU
		{A0BE4B58-2462-4B6E-A96F-322C200CA880}.Release|Any CPU.Build.0 = Release|Any CPU
		{5CA41B59-0674-48EC-91BE-A153F8249519}.Debug|Any CPU.ActiveCfg = Debug|Any CPU
		{5CA41B59-0674-48EC-91BE-A153F8249519}.Debug|Any CPU.Build.0 = Debug|Any CPU
		{5CA41B59-0674-48EC-91BE-A153F8249519}.Release|Any CPU.ActiveCfg = Release|Any CPU
		{5CA41B59-0674-48EC-91BE-A153F8249519}.Release|Any CPU.Build.0 = Release|Any CPU
		{A8615CE8-2CAE-4AF4-902E-99D8FE27BE39}.Debug|Any CPU.ActiveCfg = Debug|Any CPU
		{A8615CE8-2CAE-4AF4-902E-99D8FE27BE39}.Debug|Any CPU.Build.0 = Debug|Any CPU
		{A8615CE8-2CAE-4AF4-902E-99D8FE27BE39}.Release|Any CPU.ActiveCfg = Release|Any CPU
		{A8615CE8-2CAE-4AF4-902E-99D8FE27BE39}.Release|Any CPU.Build.0 = Release|Any CPU
		{3D05B50C-94D3-4E04-A700-C1BDCD6B5D36}.Debug|Any CPU.ActiveCfg = Debug|Any CPU
		{3D05B50C-94D3-4E04-A700-C1BDCD6B5D36}.Debug|Any CPU.Build.0 = Debug|Any CPU
		{3D05B50C-94D3-4E04-A700-C1BDCD6B5D36}.Release|Any CPU.ActiveCfg = Release|Any CPU
		{3D05B50C-94D3-4E04-A700-C1BDCD6B5D36}.Release|Any CPU.Build.0 = Release|Any CPU
		{F2239402-A35F-4CC9-842F-A8C7D39472AB}.Debug|Any CPU.ActiveCfg = Debug|Any CPU
		{F2239402-A35F-4CC9-842F-A8C7D39472AB}.Debug|Any CPU.Build.0 = Debug|Any CPU
		{F2239402-A35F-4CC9-842F-A8C7D39472AB}.Release|Any CPU.ActiveCfg = Release|Any CPU
		{F2239402-A35F-4CC9-842F-A8C7D39472AB}.Release|Any CPU.Build.0 = Release|Any CPU
		{2F253D22-FB56-4A1D-A8A3-011D3A7826CF}.Debug|Any CPU.ActiveCfg = Debug|Any CPU
		{2F253D22-FB56-4A1D-A8A3-011D3A7826CF}.Debug|Any CPU.Build.0 = Debug|Any CPU
		{2F253D22-FB56-4A1D-A8A3-011D3A7826CF}.Release|Any CPU.ActiveCfg = Release|Any CPU
		{2F253D22-FB56-4A1D-A8A3-011D3A7826CF}.Release|Any CPU.Build.0 = Release|Any CPU
	EndGlobalSection
	GlobalSection(SolutionProperties) = preSolution
		HideSolutionNode = FALSE
	EndGlobalSection
	GlobalSection(NestedProjects) = preSolution
		{4BBB8270-1BE3-4A29-83D8-ABE998E63A7F} = {0AEAFFB3-7CCC-4511-B8F5-F930AF9D7D32}
		{00A8965D-0C88-4C22-A564-447D7C3FB6B5} = {BDB26A95-D2CE-400B-A640-06070CC57D13}
		{CEA31EA6-3014-4902-8F4A-99D49A980940} = {0AEAFFB3-7CCC-4511-B8F5-F930AF9D7D32}
		{E0DD33E3-DB9D-4AEB-8D35-40613AADCD70} = {5AE7F155-3906-4B4C-91C4-3719740B9DFF}
		{5C7F7E90-080E-4109-A2A4-2E77204DDCA4} = {5AE7F155-3906-4B4C-91C4-3719740B9DFF}
		{0AEAFFB3-7CCC-4511-B8F5-F930AF9D7D32} = {5AE7F155-3906-4B4C-91C4-3719740B9DFF}
		{A0BE4B58-2462-4B6E-A96F-322C200CA880} = {5AE7F155-3906-4B4C-91C4-3719740B9DFF}
		{5CA41B59-0674-48EC-91BE-A153F8249519} = {5AE7F155-3906-4B4C-91C4-3719740B9DFF}
		{A8615CE8-2CAE-4AF4-902E-99D8FE27BE39} = {5AE7F155-3906-4B4C-91C4-3719740B9DFF}
		{3D05B50C-94D3-4E04-A700-C1BDCD6B5D36} = {EEF70DA0-776E-41E2-B177-5F8987F3B0CB}
		{F2239402-A35F-4CC9-842F-A8C7D39472AB} = {0AEAFFB3-7CCC-4511-B8F5-F930AF9D7D32}
		{2F253D22-FB56-4A1D-A8A3-011D3A7826CF} = {5AE7F155-3906-4B4C-91C4-3719740B9DFF}
	EndGlobalSection
	GlobalSection(ExtensibilityGlobals) = postSolution
		SolutionGuid = {53EB3427-3F84-42BB-BA93-D167FB18AA0A}
	EndGlobalSection
EndGlobal
